
Microsoft Visual Studio Solution File, Format Version 12.00
# Visual Studio Version 16
VisualStudioVersion = 16.0.28902.138
MinimumVisualStudioVersion = 10.0.40219.1
Project("{8BC9CEB8-8B4A-11D0-8D11-00A0C91BC942}") = "CTHackFramework", "CTHackFramework\CTHackFramework.vcxproj", "{120B82C0-E991-4A17-8424-085DEF8B2D4E}"
EndProject
Global
	GlobalSection(SolutionConfigurationPlatforms) = preSolution
		Debug|x64 = Debug|x64
		Debug|x86 = Debug|x86
		Release|x64 = Release|x64
		Release|x86 = Release|x86
	EndGlobalSection
	GlobalSection(ProjectConfigurationPlatforms) = postSolution
		{120B82C0-E991-4A17-8424-085DEF8B2D4E}.Debug|x64.ActiveCfg = Debug|x64
		{120B82C0-E991-4A17-8424-085DEF8B2D4E}.Debug|x64.Build.0 = Debug|x64
		{120B82C0-E991-4A17-8424-085DEF8B2D4E}.Debug|x86.ActiveCfg = Debug|Win32
		{120B82C0-E991-4A17-8424-085DEF8B2D4E}.Debug|x86.Build.0 = Debug|Win32
		{120B82C0-E991-4A17-8424-085DEF8B2D4E}.Release|x64.ActiveCfg = Release|x64
		{120B82C0-E991-4A17-8424-085DEF8B2D4E}.Release|x64.Build.0 = Release|x64
		{120B82C0-E991-4A17-8424-085DEF8B2D4E}.Release|x86.ActiveCfg = Release|Win32
		{120B82C0-E991-4A17-8424-085DEF8B2D4E}.Release|x86.Build.0 = Release|Win32
	EndGlobalSection
	GlobalSection(SolutionProperties) = preSolution
		HideSolutionNode = FALSE
	EndGlobalSection
	GlobalSection(ExtensibilityGlobals) = postSolution
		SolutionGuid = {D2A9F4C9-C7C5-42A1-BF58-7C116751C674}
	EndGlobalSection
EndGlobal
